// !$*UTF8*$!
{
	archiveVersion = 1;
	classes = {
	};
	objectVersion = 50;
	objects = {

/* Begin PBXBuildFile section */
		E14FD51E21592CBF00F63B9A /* DNSPageCollectionViewFlowLayout.h in Headers */ = {isa = PBXBuildFile; fileRef = E14FD51C21592CBF00F63B9A /* DNSPageCollectionViewFlowLayout.h */; };
		E14FD51F21592CBF00F63B9A /* DNSPageCollectionViewFlowLayout.m in Sources */ = {isa = PBXBuildFile; fileRef = E14FD51D21592CBF00F63B9A /* DNSPageCollectionViewFlowLayout.m */; };
		E14FD52221592D3100F63B9A /* DNSPageContentView.h in Headers */ = {isa = PBXBuildFile; fileRef = E14FD52021592D3100F63B9A /* DNSPageContentView.h */; };
		E14FD52321592D3100F63B9A /* DNSPageContentView.m in Sources */ = {isa = PBXBuildFile; fileRef = E14FD52121592D3100F63B9A /* DNSPageContentView.m */; };
		E190FA482154984400F30C24 /* DNSPageView_ObjC.h in Headers */ = {isa = PBXBuildFile; fileRef = E190FA462154984400F30C24 /* DNSPageView_ObjC.h */; settings = {ATTRIBUTES = (Public, ); }; };
		E190FA5A21549AAC00F30C24 /* AppDelegate.m in Sources */ = {isa = PBXBuildFile; fileRef = E190FA5921549AAC00F30C24 /* AppDelegate.m */; };
		E190FA5D21549AAC00F30C24 /* ViewController1.m in Sources */ = {isa = PBXBuildFile; fileRef = E190FA5C21549AAC00F30C24 /* ViewController1.m */; };
		E190FA6021549AAD00F30C24 /* Main.storyboard in Resources */ = {isa = PBXBuildFile; fileRef = E190FA5E21549AAD00F30C24 /* Main.storyboard */; };
		E190FA6221549AAE00F30C24 /* Assets.xcassets in Resources */ = {isa = PBXBuildFile; fileRef = E190FA6121549AAE00F30C24 /* Assets.xcassets */; };
		E190FA6521549AAE00F30C24 /* LaunchScreen.storyboard in Resources */ = {isa = PBXBuildFile; fileRef = E190FA6321549AAE00F30C24 /* LaunchScreen.storyboard */; };
		E190FA6821549AAE00F30C24 /* main.m in Sources */ = {isa = PBXBuildFile; fileRef = E190FA6721549AAE00F30C24 /* main.m */; };
		E190FA6E21549B0700F30C24 /* DNSPageTitleView.h in Headers */ = {isa = PBXBuildFile; fileRef = E190FA6C21549B0700F30C24 /* DNSPageTitleView.h */; };
		E190FA6F21549B0700F30C24 /* DNSPageTitleView.m in Sources */ = {isa = PBXBuildFile; fileRef = E190FA6D21549B0700F30C24 /* DNSPageTitleView.m */; };
		E1D7E0D0215A2150009565BE /* DNSPageView.h in Headers */ = {isa = PBXBuildFile; fileRef = E1D7E0CE215A2150009565BE /* DNSPageView.h */; };
		E1D7E0D1215A2150009565BE /* DNSPageView.m in Sources */ = {isa = PBXBuildFile; fileRef = E1D7E0CF215A2150009565BE /* DNSPageView.m */; };
		E1D7E0D4215A2D25009565BE /* DNSPageViewManager.h in Headers */ = {isa = PBXBuildFile; fileRef = E1D7E0D2215A2D25009565BE /* DNSPageViewManager.h */; };
		E1D7E0D5215A2D25009565BE /* DNSPageViewManager.m in Sources */ = {isa = PBXBuildFile; fileRef = E1D7E0D3215A2D25009565BE /* DNSPageViewManager.m */; };
		E1D7E0D8215A3094009565BE /* ViewController2.m in Sources */ = {isa = PBXBuildFile; fileRef = E1D7E0D7215A3094009565BE /* ViewController2.m */; };
		E1D7E0DB215A30A0009565BE /* ViewController3.m in Sources */ = {isa = PBXBuildFile; fileRef = E1D7E0DA215A30A0009565BE /* ViewController3.m */; };
		E1D7E0DE215A30AD009565BE /* ViewController4.m in Sources */ = {isa = PBXBuildFile; fileRef = E1D7E0DD215A30AD009565BE /* ViewController4.m */; };
		E1D7E0E6215A406C009565BE /* DNSPageStyle.m in Sources */ = {isa = PBXBuildFile; fileRef = E1D7E0E4215A406C009565BE /* DNSPageStyle.m */; };
		E1D7E0E7215A406C009565BE /* DNSPageStyle.h in Headers */ = {isa = PBXBuildFile; fileRef = E1D7E0E5215A406C009565BE /* DNSPageStyle.h */; };
		E1D7E0E8215A40A4009565BE /* DNSPageView_ObjC.framework in Frameworks */ = {isa = PBXBuildFile; fileRef = E190FA432154984400F30C24 /* DNSPageView_ObjC.framework */; };
		E1D7E0E9215A40A4009565BE /* DNSPageView_ObjC.framework in Embed Frameworks */ = {isa = PBXBuildFile; fileRef = E190FA432154984400F30C24 /* DNSPageView_ObjC.framework */; settings = {ATTRIBUTES = (CodeSignOnCopy, RemoveHeadersOnCopy, ); }; };
/* End PBXBuildFile section */

/* Begin PBXContainerItemProxy section */
		E1D7E0EA215A40A4009565BE /* PBXContainerItemProxy */ = {
			isa = PBXContainerItemProxy;
			containerPortal = E190FA3A2154984300F30C24 /* Project object */;
			proxyType = 1;
			remoteGlobalIDString = E190FA422154984400F30C24;
			remoteInfo = "DNSPageView-ObjC";
		};
/* End PBXContainerItemProxy section */

/* Begin PBXCopyFilesBuildPhase section */
		E1D7E0EC215A40A4009565BE /* Embed Frameworks */ = {
			isa = PBXCopyFilesBuildPhase;
			buildActionMask = 2147483647;
			dstPath = "";
			dstSubfolderSpec = 10;
			files = (
				E1D7E0E9215A40A4009565BE /* DNSPageView_ObjC.framework in Embed Frameworks */,
			);
			name = "Embed Frameworks";
			runOnlyForDeploymentPostprocessing = 0;
		};
/* End PBXCopyFilesBuildPhase section */

/* Begin PBXFileReference section */
		E14FD51C21592CBF00F63B9A /* DNSPageCollectionViewFlowLayout.h */ = {isa = PBXFileReference; lastKnownFileType = sourcecode.c.h; path = DNSPageCollectionViewFlowLayout.h; sourceTree = "<group>"; };
		E14FD51D21592CBF00F63B9A /* DNSPageCollectionViewFlowLayout.m */ = {isa = PBXFileReference; lastKnownFileType = sourcecode.c.objc; path = DNSPageCollectionViewFlowLayout.m; sourceTree = "<group>"; };
		E14FD52021592D3100F63B9A /* DNSPageContentView.h */ = {isa = PBXFileReference; lastKnownFileType = sourcecode.c.h; path = DNSPageContentView.h; sourceTree = "<group>"; };
		E14FD52121592D3100F63B9A /* DNSPageContentView.m */ = {isa = PBXFileReference; lastKnownFileType = sourcecode.c.objc; path = DNSPageContentView.m; sourceTree = "<group>"; };
		E190FA432154984400F30C24 /* DNSPageView_ObjC.framework */ = {isa = PBXFileReference; explicitFileType = wrapper.framework; includeInIndex = 0; path = DNSPageView_ObjC.framework; sourceTree = BUILT_PRODUCTS_DIR; };
		E190FA462154984400F30C24 /* DNSPageView_ObjC.h */ = {isa = PBXFileReference; lastKnownFileType = sourcecode.c.h; path = DNSPageView_ObjC.h; sourceTree = "<group>"; };
		E190FA472154984400F30C24 /* Info.plist */ = {isa = PBXFileReference; lastKnownFileType = text.plist.xml; path = Info.plist; sourceTree = "<group>"; };
		E190FA5621549AAC00F30C24 /* Demo.app */ = {isa = PBXFileReference; explicitFileType = wrapper.application; includeInIndex = 0; path = Demo.app; sourceTree = BUILT_PRODUCTS_DIR; };
		E190FA5821549AAC00F30C24 /* AppDelegate.h */ = {isa = PBXFileReference; lastKnownFileType = sourcecode.c.h; path = AppDelegate.h; sourceTree = "<group>"; };
		E190FA5921549AAC00F30C24 /* AppDelegate.m */ = {isa = PBXFileReference; lastKnownFileType = sourcecode.c.objc; path = AppDelegate.m; sourceTree = "<group>"; };
		E190FA5B21549AAC00F30C24 /* ViewController1.h */ = {isa = PBXFileReference; lastKnownFileType = sourcecode.c.h; path = ViewController1.h; sourceTree = "<group>"; };
		E190FA5C21549AAC00F30C24 /* ViewController1.m */ = {isa = PBXFileReference; lastKnownFileType = sourcecode.c.objc; path = ViewController1.m; sourceTree = "<group>"; };
		E190FA5F21549AAD00F30C24 /* Base */ = {isa = PBXFileReference; lastKnownFileType = file.storyboard; name = Base; path = Base.lproj/Main.storyboard; sourceTree = "<group>"; };
		E190FA6121549AAE00F30C24 /* Assets.xcassets */ = {isa = PBXFileReference; lastKnownFileType = folder.assetcatalog; path = Assets.xcassets; sourceTree = "<group>"; };
		E190FA6421549AAE00F30C24 /* Base */ = {isa = PBXFileReference; lastKnownFileType = file.storyboard; name = Base; path = Base.lproj/LaunchScreen.storyboard; sourceTree = "<group>"; };
		E190FA6621549AAE00F30C24 /* Info.plist */ = {isa = PBXFileReference; lastKnownFileType = text.plist.xml; path = Info.plist; sourceTree = "<group>"; };
		E190FA6721549AAE00F30C24 /* main.m */ = {isa = PBXFileReference; lastKnownFileType = sourcecode.c.objc; path = main.m; sourceTree = "<group>"; };
		E190FA6C21549B0700F30C24 /* DNSPageTitleView.h */ = {isa = PBXFileReference; lastKnownFileType = sourcecode.c.h; path = DNSPageTitleView.h; sourceTree = "<group>"; };
		E190FA6D21549B0700F30C24 /* DNSPageTitleView.m */ = {isa = PBXFileReference; lastKnownFileType = sourcecode.c.objc; path = DNSPageTitleView.m; sourceTree = "<group>"; };
		E1D7E0CE215A2150009565BE /* DNSPageView.h */ = {isa = PBXFileReference; lastKnownFileType = sourcecode.c.h; path = DNSPageView.h; sourceTree = "<group>"; };
		E1D7E0CF215A2150009565BE /* DNSPageView.m */ = {isa = PBXFileReference; lastKnownFileType = sourcecode.c.objc; path = DNSPageView.m; sourceTree = "<group>"; };
		E1D7E0D2215A2D25009565BE /* DNSPageViewManager.h */ = {isa = PBXFileReference; lastKnownFileType = sourcecode.c.h; path = DNSPageViewManager.h; sourceTree = "<group>"; };
		E1D7E0D3215A2D25009565BE /* DNSPageViewManager.m */ = {isa = PBXFileReference; lastKnownFileType = sourcecode.c.objc; path = DNSPageViewManager.m; sourceTree = "<group>"; };
		E1D7E0D6215A3094009565BE /* ViewController2.h */ = {isa = PBXFileReference; lastKnownFileType = sourcecode.c.h; path = ViewController2.h; sourceTree = "<group>"; };
		E1D7E0D7215A3094009565BE /* ViewController2.m */ = {isa = PBXFileReference; lastKnownFileType = sourcecode.c.objc; path = ViewController2.m; sourceTree = "<group>"; };
		E1D7E0D9215A30A0009565BE /* ViewController3.h */ = {isa = PBXFileReference; lastKnownFileType = sourcecode.c.h; path = ViewController3.h; sourceTree = "<group>"; };
		E1D7E0DA215A30A0009565BE /* ViewController3.m */ = {isa = PBXFileReference; lastKnownFileType = sourcecode.c.objc; path = ViewController3.m; sourceTree = "<group>"; };
		E1D7E0DC215A30AD009565BE /* ViewController4.h */ = {isa = PBXFileReference; lastKnownFileType = sourcecode.c.h; path = ViewController4.h; sourceTree = "<group>"; };
		E1D7E0DD215A30AD009565BE /* ViewController4.m */ = {isa = PBXFileReference; lastKnownFileType = sourcecode.c.objc; path = ViewController4.m; sourceTree = "<group>"; };
		E1D7E0E4215A406C009565BE /* DNSPageStyle.m */ = {isa = PBXFileReference; fileEncoding = 4; lastKnownFileType = sourcecode.c.objc; path = DNSPageStyle.m; sourceTree = "<group>"; };
		E1D7E0E5215A406C009565BE /* DNSPageStyle.h */ = {isa = PBXFileReference; fileEncoding = 4; lastKnownFileType = sourcecode.c.h; path = DNSPageStyle.h; sourceTree = "<group>"; };
/* End PBXFileReference section */

/* Begin PBXFrameworksBuildPhase section */
		E190FA402154984400F30C24 /* Frameworks */ = {
			isa = PBXFrameworksBuildPhase;
			buildActionMask = 2147483647;
			files = (
			);
			runOnlyForDeploymentPostprocessing = 0;
		};
		E190FA5321549AAC00F30C24 /* Frameworks */ = {
			isa = PBXFrameworksBuildPhase;
			buildActionMask = 2147483647;
			files = (
				E1D7E0E8215A40A4009565BE /* DNSPageView_ObjC.framework in Frameworks */,
			);
			runOnlyForDeploymentPostprocessing = 0;
		};
/* End PBXFrameworksBuildPhase section */

/* Begin PBXGroup section */
		E190FA392154984300F30C24 = {
			isa = PBXGroup;
			children = (
				E190FA452154984400F30C24 /* DNSPageView-ObjC */,
				E190FA5721549AAC00F30C24 /* Demo */,
				E190FA442154984400F30C24 /* Products */,
			);
			sourceTree = "<group>";
		};
		E190FA442154984400F30C24 /* Products */ = {
			isa = PBXGroup;
			children = (
				E190FA432154984400F30C24 /* DNSPageView_ObjC.framework */,
				E190FA5621549AAC00F30C24 /* Demo.app */,
			);
			name = Products;
			sourceTree = "<group>";
		};
		E190FA452154984400F30C24 /* DNSPageView-ObjC */ = {
			isa = PBXGroup;
			children = (
				E190FA462154984400F30C24 /* DNSPageView_ObjC.h */,
				E1D7E0E5215A406C009565BE /* DNSPageStyle.h */,
				E1D7E0E4215A406C009565BE /* DNSPageStyle.m */,
				E190FA6C21549B0700F30C24 /* DNSPageTitleView.h */,
				E190FA6D21549B0700F30C24 /* DNSPageTitleView.m */,
				E14FD51C21592CBF00F63B9A /* DNSPageCollectionViewFlowLayout.h */,
				E14FD51D21592CBF00F63B9A /* DNSPageCollectionViewFlowLayout.m */,
				E14FD52021592D3100F63B9A /* DNSPageContentView.h */,
				E14FD52121592D3100F63B9A /* DNSPageContentView.m */,
				E1D7E0CE215A2150009565BE /* DNSPageView.h */,
				E1D7E0CF215A2150009565BE /* DNSPageView.m */,
				E1D7E0D2215A2D25009565BE /* DNSPageViewManager.h */,
				E1D7E0D3215A2D25009565BE /* DNSPageViewManager.m */,
				E190FA472154984400F30C24 /* Info.plist */,
			);
			path = "DNSPageView-ObjC";
			sourceTree = "<group>";
		};
		E190FA5721549AAC00F30C24 /* Demo */ = {
			isa = PBXGroup;
			children = (
				E190FA5821549AAC00F30C24 /* AppDelegate.h */,
				E190FA5921549AAC00F30C24 /* AppDelegate.m */,
				E190FA5B21549AAC00F30C24 /* ViewController1.h */,
				E190FA5C21549AAC00F30C24 /* ViewController1.m */,
				E1D7E0D6215A3094009565BE /* ViewController2.h */,
				E1D7E0D7215A3094009565BE /* ViewController2.m */,
				E1D7E0D9215A30A0009565BE /* ViewController3.h */,
				E1D7E0DA215A30A0009565BE /* ViewController3.m */,
				E1D7E0DC215A30AD009565BE /* ViewController4.h */,
				E1D7E0DD215A30AD009565BE /* ViewController4.m */,
				E190FA5E21549AAD00F30C24 /* Main.storyboard */,
				E190FA6121549AAE00F30C24 /* Assets.xcassets */,
				E190FA6321549AAE00F30C24 /* LaunchScreen.storyboard */,
				E190FA6621549AAE00F30C24 /* Info.plist */,
				E190FA6721549AAE00F30C24 /* main.m */,
			);
			path = Demo;
			sourceTree = "<group>";
		};
/* End PBXGroup section */

/* Begin PBXHeadersBuildPhase section */
		E190FA3E2154984400F30C24 /* Headers */ = {
			isa = PBXHeadersBuildPhase;
			buildActionMask = 2147483647;
			files = (
				E190FA482154984400F30C24 /* DNSPageView_ObjC.h in Headers */,
				E1D7E0D0215A2150009565BE /* DNSPageView.h in Headers */,
				E14FD51E21592CBF00F63B9A /* DNSPageCollectionViewFlowLayout.h in Headers */,
				E190FA6E21549B0700F30C24 /* DNSPageTitleView.h in Headers */,
				E1D7E0E7215A406C009565BE /* DNSPageStyle.h in Headers */,
				E14FD52221592D3100F63B9A /* DNSPageContentView.h in Headers */,
				E1D7E0D4215A2D25009565BE /* DNSPageViewManager.h in Headers */,
			);
			runOnlyForDeploymentPostprocessing = 0;
		};
/* End PBXHeadersBuildPhase section */

/* Begin PBXNativeTarget section */
		E190FA422154984400F30C24 /* DNSPageView-ObjC */ = {
			isa = PBXNativeTarget;
			buildConfigurationList = E190FA4B2154984400F30C24 /* Build configuration list for PBXNativeTarget "DNSPageView-ObjC" */;
			buildPhases = (
				E190FA3E2154984400F30C24 /* Headers */,
				E190FA3F2154984400F30C24 /* Sources */,
				E190FA402154984400F30C24 /* Frameworks */,
				E190FA412154984400F30C24 /* Resources */,
			);
			buildRules = (
			);
			dependencies = (
			);
			name = "DNSPageView-ObjC";
			productName = "DNSPageView-ObjC";
			productReference = E190FA432154984400F30C24 /* DNSPageView_ObjC.framework */;
			productType = "com.apple.product-type.framework";
		};
		E190FA5521549AAC00F30C24 /* Demo */ = {
			isa = PBXNativeTarget;
			buildConfigurationList = E190FA6921549AAE00F30C24 /* Build configuration list for PBXNativeTarget "Demo" */;
			buildPhases = (
				E190FA5221549AAC00F30C24 /* Sources */,
				E190FA5321549AAC00F30C24 /* Frameworks */,
				E190FA5421549AAC00F30C24 /* Resources */,
				E1D7E0EC215A40A4009565BE /* Embed Frameworks */,
			);
			buildRules = (
			);
			dependencies = (
				E1D7E0EB215A40A4009565BE /* PBXTargetDependency */,
			);
			name = Demo;
			productName = Demo;
			productReference = E190FA5621549AAC00F30C24 /* Demo.app */;
			productType = "com.apple.product-type.application";
		};
/* End PBXNativeTarget section */

/* Begin PBXProject section */
		E190FA3A2154984300F30C24 /* Project object */ = {
			isa = PBXProject;
			attributes = {
				LastUpgradeCheck = 1000;
				ORGANIZATIONNAME = Daniels;
				TargetAttributes = {
					E190FA422154984400F30C24 = {
						CreatedOnToolsVersion = 10.0;
					};
					E190FA5521549AAC00F30C24 = {
						CreatedOnToolsVersion = 10.0;
					};
				};
			};
			buildConfigurationList = E190FA3D2154984300F30C24 /* Build configuration list for PBXProject "DNSPageView-ObjC" */;
			compatibilityVersion = "Xcode 9.3";
			developmentRegion = en;
			hasScannedForEncodings = 0;
			knownRegions = (
				en,
				Base,
			);
			mainGroup = E190FA392154984300F30C24;
			productRefGroup = E190FA442154984400F30C24 /* Products */;
			projectDirPath = "";
			projectRoot = "";
			targets = (
				E190FA422154984400F30C24 /* DNSPageView-ObjC */,
				E190FA5521549AAC00F30C24 /* Demo */,
			);
		};
/* End PBXProject section */

/* Begin PBXResourcesBuildPhase section */
		E190FA412154984400F30C24 /* Resources */ = {
			isa = PBXResourcesBuildPhase;
			buildActionMask = 2147483647;
			files = (
			);
			runOnlyForDeploymentPostprocessing = 0;
		};
		E190FA5421549AAC00F30C24 /* Resources */ = {
			isa = PBXResourcesBuildPhase;
			buildActionMask = 2147483647;
			files = (
				E190FA6521549AAE00F30C24 /* LaunchScreen.storyboard in Resources */,
				E190FA6221549AAE00F30C24 /* Assets.xcassets in Resources */,
				E190FA6021549AAD00F30C24 /* Main.storyboard in Resources */,
			);
			runOnlyForDeploymentPostprocessing = 0;
		};
/* End PBXResourcesBuildPhase section */

/* Begin PBXSourcesBuildPhase section */
		E190FA3F2154984400F30C24 /* Sources */ = {
			isa = PBXSourcesBuildPhase;
			buildActionMask = 2147483647;
			files = (
				E1D7E0E6215A406C009565BE /* DNSPageStyle.m in Sources */,
				E190FA6F21549B0700F30C24 /* DNSPageTitleView.m in Sources */,
				E1D7E0D1215A2150009565BE /* DNSPageView.m in Sources */,
				E14FD51F21592CBF00F63B9A /* DNSPageCollectionViewFlowLayout.m in Sources */,
				E14FD52321592D3100F63B9A /* DNSPageContentView.m in Sources */,
				E1D7E0D5215A2D25009565BE /* DNSPageViewManager.m in Sources */,
			);
			runOnlyForDeploymentPostprocessing = 0;
		};
		E190FA5221549AAC00F30C24 /* Sources */ = {
			isa = PBXSourcesBuildPhase;
			buildActionMask = 2147483647;
			files = (
				E190FA5D21549AAC00F30C24 /* ViewController1.m in Sources */,
				E1D7E0D8215A3094009565BE /* ViewController2.m in Sources */,
				E190FA6821549AAE00F30C24 /* main.m in Sources */,
				E190FA5A21549AAC00F30C24 /* AppDelegate.m in Sources */,
				E1D7E0DB215A30A0009565BE /* ViewController3.m in Sources */,
				E1D7E0DE215A30AD009565BE /* ViewController4.m in Sources */,
			);
			runOnlyForDeploymentPostprocessing = 0;
		};
/* End PBXSourcesBuildPhase section */

/* Begin PBXTargetDependency section */
		E1D7E0EB215A40A4009565BE /* PBXTargetDependency */ = {
			isa = PBXTargetDependency;
			target = E190FA422154984400F30C24 /* DNSPageView-ObjC */;
			targetProxy = E1D7E0EA215A40A4009565BE /* PBXContainerItemProxy */;
		};
/* End PBXTargetDependency section */

/* Begin PBXVariantGroup section */
		E190FA5E21549AAD00F30C24 /* Main.storyboard */ = {
			isa = PBXVariantGroup;
			children = (
				E190FA5F21549AAD00F30C24 /* Base */,
			);
			name = Main.storyboard;
			sourceTree = "<group>";
		};
		E190FA6321549AAE00F30C24 /* LaunchScreen.storyboard */ = {
			isa = PBXVariantGroup;
			children = (
				E190FA6421549AAE00F30C24 /* Base */,
			);
			name = LaunchScreen.storyboard;
			sourceTree = "<group>";
		};
/* End PBXVariantGroup section */

/* Begin XCBuildConfiguration section */
		E190FA492154984400F30C24 /* Debug */ = {
			isa = XCBuildConfiguration;
			buildSettings = {
				ALWAYS_SEARCH_USER_PATHS = NO;
				CLANG_ANALYZER_NONNULL = YES;
				CLANG_ANALYZER_NUMBER_OBJECT_CONVERSION = YES_AGGRESSIVE;
				CLANG_CXX_LANGUAGE_STANDARD = "gnu++14";
				CLANG_CXX_LIBRARY = "libc++";
				CLANG_ENABLE_MODULES = YES;
				CLANG_ENABLE_OBJC_ARC = YES;
				CLANG_ENABLE_OBJC_WEAK = YES;
				CLANG_WARN_BLOCK_CAPTURE_AUTORELEASING = YES;
				CLANG_WARN_BOOL_CONVERSION = YES;
				CLANG_WARN_COMMA = YES;
				CLANG_WARN_CONSTANT_CONVERSION = YES;
				CLANG_WARN_DEPRECATED_OBJC_IMPLEMENTATIONS = YES;
				CLANG_WARN_DIRECT_OBJC_ISA_USAGE = YES_ERROR;
				CLANG_WARN_DOCUMENTATION_COMMENTS = YES;
				CLANG_WARN_EMPTY_BODY = YES;
				CLANG_WARN_ENUM_CONVERSION = YES;
				CLANG_WARN_INFINITE_RECURSION = YES;
				CLANG_WARN_INT_CONVERSION = YES;
				CLANG_WARN_NON_LITERAL_NULL_CONVERSION = YES;
				CLANG_WARN_OBJC_IMPLICIT_RETAIN_SELF = YES;
				CLANG_WARN_OBJC_LITERAL_CONVERSION = YES;
				CLANG_WARN_OBJC_ROOT_CLASS = YES_ERROR;
				CLANG_WARN_RANGE_LOOP_ANALYSIS = YES;
				CLANG_WARN_STRICT_PROTOTYPES = YES;
				CLANG_WARN_SUSPICIOUS_MOVE = YES;
				CLANG_WARN_UNGUARDED_AVAILABILITY = YES_AGGRESSIVE;
				CLANG_WARN_UNREACHABLE_CODE = YES;
				CLANG_WARN__DUPLICATE_METHOD_MATCH = YES;
				CODE_SIGN_IDENTITY = "iPhone Developer";
				COPY_PHASE_STRIP = NO;
				CURRENT_PROJECT_VERSION = 1;
				DEBUG_INFORMATION_FORMAT = dwarf;
				ENABLE_STRICT_OBJC_MSGSEND = YES;
				ENABLE_TESTABILITY = YES;
				GCC_C_LANGUAGE_STANDARD = gnu11;
				GCC_DYNAMIC_NO_PIC = NO;
				GCC_NO_COMMON_BLOCKS = YES;
				GCC_OPTIMIZATION_LEVEL = 0;
				GCC_PREPROCESSOR_DEFINITIONS = (
					"DEBUG=1",
					"$(inherited)",
				);
				GCC_WARN_64_TO_32_BIT_CONVERSION = YES;
				GCC_WARN_ABOUT_RETURN_TYPE = YES_ERROR;
				GCC_WARN_UNDECLARED_SELECTOR = YES;
				GCC_WARN_UNINITIALIZED_AUTOS = YES_AGGRESSIVE;
				GCC_WARN_UNUSED_FUNCTION = YES;
				GCC_WARN_UNUSED_VARIABLE = YES;
				IPHONEOS_DEPLOYMENT_TARGET = 12.0;
				MTL_ENABLE_DEBUG_INFO = INCLUDE_SOURCE;
				MTL_FAST_MATH = YES;
				ONLY_ACTIVE_ARCH = YES;
				SDKROOT = iphoneos;
				VERSIONING_SYSTEM = "apple-generic";
				VERSION_INFO_PREFIX = "";
			};
			name = Debug;
		};
		E190FA4A2154984400F30C24 /* Release */ = {
			isa = XCBuildConfiguration;
			buildSettings = {
				ALWAYS_SEARCH_USER_PATHS = NO;
				CLANG_ANALYZER_NONNULL = YES;
				CLANG_ANALYZER_NUMBER_OBJECT_CONVERSION = YES_AGGRESSIVE;
				CLANG_CXX_LANGUAGE_STANDARD = "gnu++14";
				CLANG_CXX_LIBRARY = "libc++";
				CLANG_ENABLE_MODULES = YES;
				CLANG_ENABLE_OBJC_ARC = YES;
				CLANG_ENABLE_OBJC_WEAK = YES;
				CLANG_WARN_BLOCK_CAPTURE_AUTORELEASING = YES;
				CLANG_WARN_BOOL_CONVERSION = YES;
				CLANG_WARN_COMMA = YES;
				CLANG_WARN_CONSTANT_CONVERSION = YES;
				CLANG_WARN_DEPRECATED_OBJC_IMPLEMENTATIONS = YES;
				CLANG_WARN_DIRECT_OBJC_ISA_USAGE = YES_ERROR;
				CLANG_WARN_DOCUMENTATION_COMMENTS = YES;
				CLANG_WARN_EMPTY_BODY = YES;
				CLANG_WARN_ENUM_CONVERSION = YES;
				CLANG_WARN_INFINITE_RECURSION = YES;
				CLANG_WARN_INT_CONVERSION = YES;
				CLANG_WARN_NON_LITERAL_NULL_CONVERSION = YES;
				CLANG_WARN_OBJC_IMPLICIT_RETAIN_SELF = YES;
				CLANG_WARN_OBJC_LITERAL_CONVERSION = YES;
				CLANG_WARN_OBJC_ROOT_CLASS = YES_ERROR;
				CLANG_WARN_RANGE_LOOP_ANALYSIS = YES;
				CLANG_WARN_STRICT_PROTOTYPES = YES;
				CLANG_WARN_SUSPICIOUS_MOVE = YES;
				CLANG_WARN_UNGUARDED_AVAILABILITY = YES_AGGRESSIVE;
				CLANG_WARN_UNREACHABLE_CODE = YES;
				CLANG_WARN__DUPLICATE_METHOD_MATCH = YES;
				CODE_SIGN_IDENTITY = "iPhone Developer";
				COPY_PHASE_STRIP = NO;
				CURRENT_PROJECT_VERSION = 1;
				DEBUG_INFORMATION_FORMAT = "dwarf-with-dsym";
				ENABLE_NS_ASSERTIONS = NO;
				ENABLE_STRICT_OBJC_MSGSEND = YES;
				GCC_C_LANGUAGE_STANDARD = gnu11;
				GCC_NO_COMMON_BLOCKS = YES;
				GCC_WARN_64_TO_32_BIT_CONVERSION = YES;
				GCC_WARN_ABOUT_RETURN_TYPE = YES_ERROR;
				GCC_WARN_UNDECLARED_SELECTOR = YES;
				GCC_WARN_UNINITIALIZED_AUTOS = YES_AGGRESSIVE;
				GCC_WARN_UNUSED_FUNCTION = YES;
				GCC_WARN_UNUSED_VARIABLE = YES;
				IPHONEOS_DEPLOYMENT_TARGET = 12.0;
				MTL_ENABLE_DEBUG_INFO = NO;
				MTL_FAST_MATH = YES;
				SDKROOT = iphoneos;
				VALIDATE_PRODUCT = YES;
				VERSIONING_SYSTEM = "apple-generic";
				VERSION_INFO_PREFIX = "";
			};
			name = Release;
		};
		E190FA4C2154984400F30C24 /* Debug */ = {
			isa = XCBuildConfiguration;
			buildSettings = {
				CODE_SIGN_IDENTITY = "";
				CODE_SIGN_STYLE = Automatic;
				DEFINES_MODULE = YES;
				DEVELOPMENT_TEAM = 92B3UWZXNB;
				DYLIB_COMPATIBILITY_VERSION = 1;
				DYLIB_CURRENT_VERSION = 1;
				DYLIB_INSTALL_NAME_BASE = "@rpath";
				INFOPLIST_FILE = "DNSPageView-ObjC/Info.plist";
				INSTALL_PATH = "$(LOCAL_LIBRARY_DIR)/Frameworks";
				IPHONEOS_DEPLOYMENT_TARGET = 8.0;
				LD_RUNPATH_SEARCH_PATHS = (
					"$(inherited)",
					"@executable_path/Frameworks",
					"@loader_path/Frameworks",
				);
				PRODUCT_BUNDLE_IDENTIFIER = "com.daniels.DNSPageView-ObjC";
				PRODUCT_NAME = "$(TARGET_NAME:c99extidentifier)";
				SKIP_INSTALL = YES;
				TARGETED_DEVICE_FAMILY = "1,2";
			};
			name = Debug;
		};
		E190FA4D2154984400F30C24 /* Release */ = {
			isa = XCBuildConfiguration;
			buildSettings = {
				CODE_SIGN_IDENTITY = "";
				CODE_SIGN_STYLE = Automatic;
				DEFINES_MODULE = YES;
				DEVELOPMENT_TEAM = 92B3UWZXNB;
				DYLIB_COMPATIBILITY_VERSION = 1;
				DYLIB_CURRENT_VERSION = 1;
				DYLIB_INSTALL_NAME_BASE = "@rpath";
				INFOPLIST_FILE = "DNSPageView-ObjC/Info.plist";
				INSTALL_PATH = "$(LOCAL_LIBRARY_DIR)/Frameworks";
				IPHONEOS_DEPLOYMENT_TARGET = 8.0;
				LD_RUNPATH_SEARCH_PATHS = (
					"$(inherited)",
					"@executable_path/Frameworks",
					"@loader_path/Frameworks",
				);
				PRODUCT_BUNDLE_IDENTIFIER = "com.daniels.DNSPageView-ObjC";
				PRODUCT_NAME = "$(TARGET_NAME:c99extidentifier)";
				SKIP_INSTALL = YES;
				TARGETED_DEVICE_FAMILY = "1,2";
			};
			name = Release;
		};
		E190FA6A21549AAE00F30C24 /* Debug */ = {
			isa = XCBuildConfiguration;
			buildSettings = {
				ASSETCATALOG_COMPILER_APPICON_NAME = AppIcon;
				CLANG_ALLOW_NON_MODULAR_INCLUDES_IN_FRAMEWORK_MODULES = YES;
				CODE_SIGN_STYLE = Automatic;
				DEVELOPMENT_TEAM = 92B3UWZXNB;
				INFOPLIST_FILE = Demo/Info.plist;
				IPHONEOS_DEPLOYMENT_TARGET = 8.0;
				LD_RUNPATH_SEARCH_PATHS = (
					"$(inherited)",
					"@executable_path/Frameworks",
				);
				PRODUCT_BUNDLE_IDENTIFIER = com.daniels.Demo;
				PRODUCT_NAME = "$(TARGET_NAME)";
				TARGETED_DEVICE_FAMILY = "1,2";
			};
			name = Debug;
		};
		E190FA6B21549AAE00F30C24 /* Release */ = {
			isa = XCBuildConfiguration;
			buildSettings = {
				ASSETCATALOG_COMPILER_APPICON_NAME = AppIcon;
				CLANG_ALLOW_NON_MODULAR_INCLUDES_IN_FRAMEWORK_MODULES = YES;
				CODE_SIGN_STYLE = Automatic;
				DEVELOPMENT_TEAM = 92B3UWZXNB;
				INFOPLIST_FILE = Demo/Info.plist;
				IPHONEOS_DEPLOYMENT_TARGET = 8.0;
				LD_RUNPATH_SEARCH_PATHS = (
					"$(inherited)",
					"@executable_path/Frameworks",
				);
				PRODUCT_BUNDLE_IDENTIFIER = com.daniels.Demo;
				PRODUCT_NAME = "$(TARGET_NAME)";
				TARGETED_DEVICE_FAMILY = "1,2";
			};
			name = Release;
		};
/* End XCBuildConfiguration section */

/* Begin XCConfigurationList section */
		E190FA3D2154984300F30C24 /* Build configuration list for PBXProject "DNSPageView-ObjC" */ = {
			isa = XCConfigurationList;
			buildConfigurations = (
				E190FA492154984400F30C24 /* Debug */,
				E190FA4A2154984400F30C24 /* Release */,
			);
			defaultConfigurationIsVisible = 0;
			defaultConfigurationName = Release;
		};
		E190FA4B2154984400F30C24 /* Build configuration list for PBXNativeTarget "DNSPageView-ObjC" */ = {
			isa = XCConfigurationList;
			buildConfigurations = (
				E190FA4C2154984400F30C24 /* Debug */,
				E190FA4D2154984400F30C24 /* Release */,
			);
			defaultConfigurationIsVisible = 0;
			defaultConfigurationName = Release;
		};
		E190FA6921549AAE00F30C24 /* Build configuration list for PBXNativeTarget "Demo" */ = {
			isa = XCConfigurationList;
			buildConfigurations = (
				E190FA6A21549AAE00F30C24 /* Debug */,
				E190FA6B21549AAE00F30C24 /* Release */,
			);
			defaultConfigurationIsVisible = 0;
			defaultConfigurationName = Release;
		};
/* End XCConfigurationList section */
	};
	rootObject = E190FA3A2154984300F30C24 /* Project object */;
}
